
Microsoft Visual Studio Solution File, Format Version 12.00
# Visual Studio 15
VisualStudioVersion = 15.0.27703.2047
MinimumVisualStudioVersion = 10.0.40219.1
Project("{9A19103F-16F7-4668-BE54-9A1E7A4F7556}") = "Forebot2", "Forebot2\Forebot2.csproj", "{D9D3BA9E-7B60-4DEE-98F6-8654FF2832AE}"
EndProject
Project("{FAE04EC0-301F-11D3-BF4B-00C04F79EFBC}") = "xUnitTesting", "xUnitTesting\xUnitTesting.csproj", "{49BF5AAF-302F-4481-8229-70A9386BF23F}"
EndProject
Global
	GlobalSection(SolutionConfigurationPlatforms) = preSolution
		Debug|Any CPU = Debug|Any CPU
		Release|Any CPU = Release|Any CPU
	EndGlobalSection
	GlobalSection(ProjectConfigurationPlatforms) = postSolution
		{D9D3BA9E-7B60-4DEE-98F6-8654FF2832AE}.Debug|Any CPU.ActiveCfg = Debug|Any CPU
		{D9D3BA9E-7B60-4DEE-98F6-8654FF2832AE}.Debug|Any CPU.Build.0 = Debug|Any CPU
		{D9D3BA9E-7B60-4DEE-98F6-8654FF2832AE}.Release|Any CPU.ActiveCfg = Release|Any CPU
		{D9D3BA9E-7B60-4DEE-98F6-8654FF2832AE}.Release|Any CPU.Build.0 = Release|Any CPU
		{49BF5AAF-302F-4481-8229-70A9386BF23F}.Debug|Any CPU.ActiveCfg = Debug|Any CPU
		{49BF5AAF-302F-4481-8229-70A9386BF23F}.Debug|Any CPU.Build.0 = Debug|Any CPU
		{49BF5AAF-302F-4481-8229-70A9386BF23F}.Release|Any CPU.ActiveCfg = Release|Any CPU
		{49BF5AAF-302F-4481-8229-70A9386BF23F}.Release|Any CPU.Build.0 = Release|Any CPU
	EndGlobalSection
	GlobalSection(SolutionProperties) = preSolution
		HideSolutionNode = FALSE
	EndGlobalSection
	GlobalSection(ExtensibilityGlobals) = postSolution
		SolutionGuid = {BA19B77B-F848-41A4-83C6-8E593F40E3A1}
	EndGlobalSection
EndGlobal
